
Microsoft Visual Studio Solution File, Format Version 12.00
# Visual Studio Version 16
VisualStudioVersion = 16.0.32126.315
MinimumVisualStudioVersion = 10.0.40219.1
Project("{FAE04EC0-301F-11D3-BF4B-00C04F79EFBC}") = "PrimeadesCL", "PrimeadesCL\PrimeadesCL.csproj", "{055BEE53-49DD-4612-9688-B56F737D352E}"
EndProject
Project("{FAE04EC0-301F-11D3-BF4B-00C04F79EFBC}") = "PrimeadesCA", "PrimeadesCA\PrimeadesCA.csproj", "{C9F47C68-02AF-4FB1-9DA5-B6CE5D661073}"
EndProject
Project("{FAE04EC0-301F-11D3-BF4B-00C04F79EFBC}") = "PrimeadesWF", "PrimeadesWF\PrimeadesWF.csproj", "{6E4DE826-BA84-4267-BFE7-FD68BF6EE7C7}"
EndProject
Project("{FAE04EC0-301F-11D3-BF4B-00C04F79EFBC}") = "UnitTestDec", "UnitTestDec\UnitTestDec.csproj", "{EFF7A0A9-2B75-4FB9-A548-8D1FA0500E43}"
	ProjectSection(ProjectDependencies) = postProject
		{055BEE53-49DD-4612-9688-B56F737D352E} = {055BEE53-49DD-4612-9688-B56F737D352E}
	EndProjectSection
EndProject
Global
	GlobalSection(SolutionConfigurationPlatforms) = preSolution
		Debug|Any CPU = Debug|Any CPU
		Release|Any CPU = Release|Any CPU
	EndGlobalSection
	GlobalSection(ProjectConfigurationPlatforms) = postSolution
		{055BEE53-49DD-4612-9688-B56F737D352E}.Debug|Any CPU.ActiveCfg = Debug|Any CPU
		{055BEE53-49DD-4612-9688-B56F737D352E}.Debug|Any CPU.Build.0 = Debug|Any CPU
		{055BEE53-49DD-4612-9688-B56F737D352E}.Release|Any CPU.ActiveCfg = Release|Any CPU
		{055BEE53-49DD-4612-9688-B56F737D352E}.Release|Any CPU.Build.0 = Release|Any CPU
		{C9F47C68-02AF-4FB1-9DA5-B6CE5D661073}.Debug|Any CPU.ActiveCfg = Debug|Any CPU
		{C9F47C68-02AF-4FB1-9DA5-B6CE5D661073}.Debug|Any CPU.Build.0 = Debug|Any CPU
		{C9F47C68-02AF-4FB1-9DA5-B6CE5D661073}.Release|Any CPU.ActiveCfg = Release|Any CPU
		{C9F47C68-02AF-4FB1-9DA5-B6CE5D661073}.Release|Any CPU.Build.0 = Release|Any CPU
		{6E4DE826-BA84-4267-BFE7-FD68BF6EE7C7}.Debug|Any CPU.ActiveCfg = Debug|Any CPU
		{6E4DE826-BA84-4267-BFE7-FD68BF6EE7C7}.Debug|Any CPU.Build.0 = Debug|Any CPU
		{6E4DE826-BA84-4267-BFE7-FD68BF6EE7C7}.Release|Any CPU.ActiveCfg = Release|Any CPU
		{6E4DE826-BA84-4267-BFE7-FD68BF6EE7C7}.Release|Any CPU.Build.0 = Release|Any CPU
		{EFF7A0A9-2B75-4FB9-A548-8D1FA0500E43}.Debug|Any CPU.ActiveCfg = Debug|Any CPU
		{EFF7A0A9-2B75-4FB9-A548-8D1FA0500E43}.Debug|Any CPU.Build.0 = Debug|Any CPU
		{EFF7A0A9-2B75-4FB9-A548-8D1FA0500E43}.Release|Any CPU.ActiveCfg = Release|Any CPU
		{EFF7A0A9-2B75-4FB9-A548-8D1FA0500E43}.Release|Any CPU.Build.0 = Release|Any CPU
	EndGlobalSection
	GlobalSection(SolutionProperties) = preSolution
		HideSolutionNode = FALSE
	EndGlobalSection
	GlobalSection(ExtensibilityGlobals) = postSolution
		SolutionGuid = {81DE3D9C-54A7-4D36-AB3A-D032734214B0}
	EndGlobalSection
EndGlobal
